// !$*UTF8*$!
{
	archiveVersion = 1;
	classes = {
	};
	objectVersion = 50;
	objects = {

/* Begin PBXBuildFile section */
		2B0D2D3F21437F2E00C93C83 /* FeedLoader.swift in Sources */ = {isa = PBXBuildFile; fileRef = 2B0D2D3E21437F2E00C93C83 /* FeedLoader.swift */; };
		2B2DE3F621475CCE00310F7E /* FeedTableViewController.swift in Sources */ = {isa = PBXBuildFile; fileRef = 2B2DE3F521475CCE00310F7E /* FeedTableViewController.swift */; };
		2B2DE3FB21475D5500310F7E /* LoginViewController.swift in Sources */ = {isa = PBXBuildFile; fileRef = 2B2DE3FA21475D5500310F7E /* LoginViewController.swift */; };
		2B2DE3FD21475D6900310F7E /* CreateAccountViewController.swift in Sources */ = {isa = PBXBuildFile; fileRef = 2B2DE3FC21475D6900310F7E /* CreateAccountViewController.swift */; };
		2B2DE400214760C800310F7E /* Feed.swift in Sources */ = {isa = PBXBuildFile; fileRef = 2B2DE3FF214760C800310F7E /* Feed.swift */; };
		2B2DE402214760D100310F7E /* Entry.swift in Sources */ = {isa = PBXBuildFile; fileRef = 2B2DE401214760D100310F7E /* Entry.swift */; };
		2B2DE40421476F7100310F7E /* UserStore.swift in Sources */ = {isa = PBXBuildFile; fileRef = 2B2DE40321476F7100310F7E /* UserStore.swift */; };
		2B8098D92142D8C300FCC743 /* NewsEntryCell.swift in Sources */ = {isa = PBXBuildFile; fileRef = 2B8098D82142D8C300FCC743 /* NewsEntryCell.swift */; };
		2B8098E02142DB4800FCC743 /* NewsEntryCell.xib in Resources */ = {isa = PBXBuildFile; fileRef = 2B8098DF2142DB4800FCC743 /* NewsEntryCell.xib */; };
		2BA9FB3E214871E80058DA27 /* WeDeployAPIClient.swift in Sources */ = {isa = PBXBuildFile; fileRef = 2BA9FB3D214871E80058DA27 /* WeDeployAPIClient.swift */; };
		2BA9FB422148B4850058DA27 /* ForgotPasswordViewController.swift in Sources */ = {isa = PBXBuildFile; fileRef = 2BA9FB412148B4850058DA27 /* ForgotPasswordViewController.swift */; };
		2BA9FB4D2149C14E0058DA27 /* LogoView.xib in Resources */ = {isa = PBXBuildFile; fileRef = 2BA9FB4C2149C14E0058DA27 /* LogoView.xib */; };
		2BA9FB4F2149C4D70058DA27 /* LogoView.swift in Sources */ = {isa = PBXBuildFile; fileRef = 2BA9FB4E2149C4D70058DA27 /* LogoView.swift */; };
		2BA9FB512149FB8B0058DA27 /* UIViewController+Extensions.swift in Sources */ = {isa = PBXBuildFile; fileRef = 2BA9FB502149FB8B0058DA27 /* UIViewController+Extensions.swift */; };
		2BA9FB532149FF710058DA27 /* TextFieldDelegate.swift in Sources */ = {isa = PBXBuildFile; fileRef = 2BA9FB522149FF710058DA27 /* TextFieldDelegate.swift */; };
		2BAFEB202141D2BD00F12452 /* AppDelegate.swift in Sources */ = {isa = PBXBuildFile; fileRef = 2BAFEB1F2141D2BD00F12452 /* AppDelegate.swift */; };
		2BAFEB222141D2BD00F12452 /* NewsFeedViewController.swift in Sources */ = {isa = PBXBuildFile; fileRef = 2BAFEB212141D2BD00F12452 /* NewsFeedViewController.swift */; };
		2BAFEB242141D2BD00F12452 /* WebViewViewController.swift in Sources */ = {isa = PBXBuildFile; fileRef = 2BAFEB232141D2BD00F12452 /* WebViewViewController.swift */; };
		2BAFEB272141D2BD00F12452 /* Main.storyboard in Resources */ = {isa = PBXBuildFile; fileRef = 2BAFEB252141D2BD00F12452 /* Main.storyboard */; };
		2BAFEB292141D2C000F12452 /* Assets.xcassets in Resources */ = {isa = PBXBuildFile; fileRef = 2BAFEB282141D2C000F12452 /* Assets.xcassets */; };
		2BAFEB2C2141D2C000F12452 /* LaunchScreen.storyboard in Resources */ = {isa = PBXBuildFile; fileRef = 2BAFEB2A2141D2C000F12452 /* LaunchScreen.storyboard */; };
		2BAFEB372141D2C000F12452 /* WeReadTests.swift in Sources */ = {isa = PBXBuildFile; fileRef = 2BAFEB362141D2C000F12452 /* WeReadTests.swift */; };
		2BAFEB422141D2C100F12452 /* WeReadUITests.swift in Sources */ = {isa = PBXBuildFile; fileRef = 2BAFEB412141D2C100F12452 /* WeReadUITests.swift */; };
		2BF56CF1214A102100121012 /* UIButton+Extensions.swift in Sources */ = {isa = PBXBuildFile; fileRef = 2BF56CF0214A102100121012 /* UIButton+Extensions.swift */; };
		2BF56CF4214A222C00121012 /* StorageType.swift in Sources */ = {isa = PBXBuildFile; fileRef = 2BF56CF3214A222C00121012 /* StorageType.swift */; };
		2BF56CF6214A23D600121012 /* LocalJSONStore.swift in Sources */ = {isa = PBXBuildFile; fileRef = 2BF56CF5214A23D600121012 /* LocalJSONStore.swift */; };
		2BF56D01214A878000121012 /* Login.storyboard in Resources */ = {isa = PBXBuildFile; fileRef = 2BF56D03214A878000121012 /* Login.storyboard */; };
		2BF56D13214A8BE500121012 /* Localizable.strings in Resources */ = {isa = PBXBuildFile; fileRef = 2BF56D15214A8BE500121012 /* Localizable.strings */; };
		2BF56D17214A931100121012 /* FeedGroup.swift in Sources */ = {isa = PBXBuildFile; fileRef = 2BF56D16214A931100121012 /* FeedGroup.swift */; };
		2BF56D19214AEFDE00121012 /* Array+Extensions.swift in Sources */ = {isa = PBXBuildFile; fileRef = 2BF56D18214AEFDE00121012 /* Array+Extensions.swift */; };
		2BF56D1F214B25C000121012 /* NotificationSender.swift in Sources */ = {isa = PBXBuildFile; fileRef = 2BF56D1E214B25C000121012 /* NotificationSender.swift */; };
		2BF56D25214B4F1500121012 /* LocalImageStore.swift in Sources */ = {isa = PBXBuildFile; fileRef = 2BF56D24214B4F1500121012 /* LocalImageStore.swift */; };
		410CBE8CBADBF7E906531840 /* Pods_WeReadUITests.framework in Frameworks */ = {isa = PBXBuildFile; fileRef = 4BF55F773F6ABF77BAFDEEA7 /* Pods_WeReadUITests.framework */; };
		94081525384C961526699651 /* Pods_WeRead.framework in Frameworks */ = {isa = PBXBuildFile; fileRef = 97CA6A29868C259FFF2BA408 /* Pods_WeRead.framework */; };
		B842871E390AF4B49E043232 /* Pods_WeReadTests.framework in Frameworks */ = {isa = PBXBuildFile; fileRef = 2D58F5D543C8ECAC82EA5057 /* Pods_WeReadTests.framework */; };
/* End PBXBuildFile section */

/* Begin PBXContainerItemProxy section */
		2BAFEB332141D2C000F12452 /* PBXContainerItemProxy */ = {
			isa = PBXContainerItemProxy;
			containerPortal = 2BAFEB142141D2BD00F12452 /* Project object */;
			proxyType = 1;
			remoteGlobalIDString = 2BAFEB1B2141D2BD00F12452;
			remoteInfo = WeRead;
		};
		2BAFEB3E2141D2C100F12452 /* PBXContainerItemProxy */ = {
			isa = PBXContainerItemProxy;
			containerPortal = 2BAFEB142141D2BD00F12452 /* Project object */;
			proxyType = 1;
			remoteGlobalIDString = 2BAFEB1B2141D2BD00F12452;
			remoteInfo = WeRead;
		};
/* End PBXContainerItemProxy section */

/* Begin PBXFileReference section */
		11034345105E6539DD38395B /* Pods-WeReadUITests.debug.xcconfig */ = {isa = PBXFileReference; includeInIndex = 1; lastKnownFileType = text.xcconfig; name = "Pods-WeReadUITests.debug.xcconfig"; path = "Pods/Target Support Files/Pods-WeReadUITests/Pods-WeReadUITests.debug.xcconfig"; sourceTree = "<group>"; };
		1E153B17B3C29D254872F7A0 /* Pods-WeReadUITests.release.xcconfig */ = {isa = PBXFileReference; includeInIndex = 1; lastKnownFileType = text.xcconfig; name = "Pods-WeReadUITests.release.xcconfig"; path = "Pods/Target Support Files/Pods-WeReadUITests/Pods-WeReadUITests.release.xcconfig"; sourceTree = "<group>"; };
		2B0D2D3E21437F2E00C93C83 /* FeedLoader.swift */ = {isa = PBXFileReference; lastKnownFileType = sourcecode.swift; path = FeedLoader.swift; sourceTree = "<group>"; };
		2B2DE3F521475CCE00310F7E /* FeedTableViewController.swift */ = {isa = PBXFileReference; lastKnownFileType = sourcecode.swift; path = FeedTableViewController.swift; sourceTree = "<group>"; };
		2B2DE3FA21475D5500310F7E /* LoginViewController.swift */ = {isa = PBXFileReference; lastKnownFileType = sourcecode.swift; path = LoginViewController.swift; sourceTree = "<group>"; };
		2B2DE3FC21475D6900310F7E /* CreateAccountViewController.swift */ = {isa = PBXFileReference; lastKnownFileType = sourcecode.swift; path = CreateAccountViewController.swift; sourceTree = "<group>"; };
		2B2DE3FF214760C800310F7E /* Feed.swift */ = {isa = PBXFileReference; lastKnownFileType = sourcecode.swift; path = Feed.swift; sourceTree = "<group>"; };
		2B2DE401214760D100310F7E /* Entry.swift */ = {isa = PBXFileReference; lastKnownFileType = sourcecode.swift; path = Entry.swift; sourceTree = "<group>"; };
		2B2DE40321476F7100310F7E /* UserStore.swift */ = {isa = PBXFileReference; lastKnownFileType = sourcecode.swift; path = UserStore.swift; sourceTree = "<group>"; };
		2B8098D82142D8C300FCC743 /* NewsEntryCell.swift */ = {isa = PBXFileReference; lastKnownFileType = sourcecode.swift; path = NewsEntryCell.swift; sourceTree = "<group>"; };
		2B8098DF2142DB4800FCC743 /* NewsEntryCell.xib */ = {isa = PBXFileReference; lastKnownFileType = file.xib; path = NewsEntryCell.xib; sourceTree = "<group>"; };
		2BA9FB3D214871E80058DA27 /* WeDeployAPIClient.swift */ = {isa = PBXFileReference; lastKnownFileType = sourcecode.swift; path = WeDeployAPIClient.swift; sourceTree = "<group>"; };
		2BA9FB412148B4850058DA27 /* ForgotPasswordViewController.swift */ = {isa = PBXFileReference; lastKnownFileType = sourcecode.swift; path = ForgotPasswordViewController.swift; sourceTree = "<group>"; };
		2BA9FB4C2149C14E0058DA27 /* LogoView.xib */ = {isa = PBXFileReference; lastKnownFileType = file.xib; path = LogoView.xib; sourceTree = "<group>"; };
		2BA9FB4E2149C4D70058DA27 /* LogoView.swift */ = {isa = PBXFileReference; lastKnownFileType = sourcecode.swift; path = LogoView.swift; sourceTree = "<group>"; };
		2BA9FB502149FB8B0058DA27 /* UIViewController+Extensions.swift */ = {isa = PBXFileReference; lastKnownFileType = sourcecode.swift; path = "UIViewController+Extensions.swift"; sourceTree = "<group>"; };
		2BA9FB522149FF710058DA27 /* TextFieldDelegate.swift */ = {isa = PBXFileReference; lastKnownFileType = sourcecode.swift; path = TextFieldDelegate.swift; sourceTree = "<group>"; };
		2BA9FB54214A031C0058DA27 /* WeRead.entitlements */ = {isa = PBXFileReference; lastKnownFileType = text.plist.entitlements; path = WeRead.entitlements; sourceTree = "<group>"; };
		2BAFEB1C2141D2BD00F12452 /* WeRead.app */ = {isa = PBXFileReference; explicitFileType = wrapper.application; includeInIndex = 0; path = WeRead.app; sourceTree = BUILT_PRODUCTS_DIR; };
		2BAFEB1F2141D2BD00F12452 /* AppDelegate.swift */ = {isa = PBXFileReference; lastKnownFileType = sourcecode.swift; path = AppDelegate.swift; sourceTree = "<group>"; };
		2BAFEB212141D2BD00F12452 /* NewsFeedViewController.swift */ = {isa = PBXFileReference; lastKnownFileType = sourcecode.swift; path = NewsFeedViewController.swift; sourceTree = "<group>"; };
		2BAFEB232141D2BD00F12452 /* WebViewViewController.swift */ = {isa = PBXFileReference; lastKnownFileType = sourcecode.swift; path = WebViewViewController.swift; sourceTree = "<group>"; };
		2BAFEB262141D2BD00F12452 /* Base */ = {isa = PBXFileReference; lastKnownFileType = file.storyboard; name = Base; path = Base.lproj/Main.storyboard; sourceTree = "<group>"; };
		2BAFEB282141D2C000F12452 /* Assets.xcassets */ = {isa = PBXFileReference; lastKnownFileType = folder.assetcatalog; path = Assets.xcassets; sourceTree = "<group>"; };
		2BAFEB2B2141D2C000F12452 /* Base */ = {isa = PBXFileReference; lastKnownFileType = file.storyboard; name = Base; path = Base.lproj/LaunchScreen.storyboard; sourceTree = "<group>"; };
		2BAFEB2D2141D2C000F12452 /* Info.plist */ = {isa = PBXFileReference; lastKnownFileType = text.plist.xml; path = Info.plist; sourceTree = "<group>"; };
		2BAFEB322141D2C000F12452 /* WeReadTests.xctest */ = {isa = PBXFileReference; explicitFileType = wrapper.cfbundle; includeInIndex = 0; path = WeReadTests.xctest; sourceTree = BUILT_PRODUCTS_DIR; };
		2BAFEB362141D2C000F12452 /* WeReadTests.swift */ = {isa = PBXFileReference; lastKnownFileType = sourcecode.swift; path = WeReadTests.swift; sourceTree = "<group>"; };
		2BAFEB382141D2C100F12452 /* Info.plist */ = {isa = PBXFileReference; lastKnownFileType = text.plist.xml; path = Info.plist; sourceTree = "<group>"; };
		2BAFEB3D2141D2C100F12452 /* WeReadUITests.xctest */ = {isa = PBXFileReference; explicitFileType = wrapper.cfbundle; includeInIndex = 0; path = WeReadUITests.xctest; sourceTree = BUILT_PRODUCTS_DIR; };
		2BAFEB412141D2C100F12452 /* WeReadUITests.swift */ = {isa = PBXFileReference; lastKnownFileType = sourcecode.swift; path = WeReadUITests.swift; sourceTree = "<group>"; };
		2BAFEB432141D2C100F12452 /* Info.plist */ = {isa = PBXFileReference; lastKnownFileType = text.plist.xml; path = Info.plist; sourceTree = "<group>"; };
		2BF56CF0214A102100121012 /* UIButton+Extensions.swift */ = {isa = PBXFileReference; lastKnownFileType = sourcecode.swift; path = "UIButton+Extensions.swift"; sourceTree = "<group>"; };
		2BF56CF3214A222C00121012 /* StorageType.swift */ = {isa = PBXFileReference; lastKnownFileType = sourcecode.swift; path = StorageType.swift; sourceTree = "<group>"; };
		2BF56CF5214A23D600121012 /* LocalJSONStore.swift */ = {isa = PBXFileReference; lastKnownFileType = sourcecode.swift; path = LocalJSONStore.swift; sourceTree = "<group>"; };
		2BF56D00214A874800121012 /* pt-BR */ = {isa = PBXFileReference; lastKnownFileType = text.plist.strings; name = "pt-BR"; path = "pt-BR.lproj/LaunchScreen.strings"; sourceTree = "<group>"; };
		2BF56D06214A879C00121012 /* Base */ = {isa = PBXFileReference; lastKnownFileType = file.storyboard; name = Base; path = Base.lproj/Login.storyboard; sourceTree = "<group>"; };
		2BF56D08214A87AC00121012 /* en */ = {isa = PBXFileReference; lastKnownFileType = text.plist.strings; name = en; path = en.lproj/Login.strings; sourceTree = "<group>"; };
		2BF56D0A214A87B700121012 /* pt-BR */ = {isa = PBXFileReference; lastKnownFileType = text.plist.strings; name = "pt-BR"; path = "pt-BR.lproj/Login.strings"; sourceTree = "<group>"; };
		2BF56D0E214A8B2F00121012 /* pt-BR */ = {isa = PBXFileReference; lastKnownFileType = text.plist.strings; name = "pt-BR"; path = "pt-BR.lproj/Main.strings"; sourceTree = "<group>"; };
		2BF56D14214A8BE500121012 /* pt-BR */ = {isa = PBXFileReference; lastKnownFileType = text.plist.strings; name = "pt-BR"; path = "pt-BR.lproj/Localizable.strings"; sourceTree = "<group>"; };
		2BF56D16214A931100121012 /* FeedGroup.swift */ = {isa = PBXFileReference; lastKnownFileType = sourcecode.swift; path = FeedGroup.swift; sourceTree = "<group>"; };
		2BF56D18214AEFDE00121012 /* Array+Extensions.swift */ = {isa = PBXFileReference; lastKnownFileType = sourcecode.swift; path = "Array+Extensions.swift"; sourceTree = "<group>"; };
		2BF56D1E214B25C000121012 /* NotificationSender.swift */ = {isa = PBXFileReference; lastKnownFileType = sourcecode.swift; path = NotificationSender.swift; sourceTree = "<group>"; };
		2BF56D24214B4F1500121012 /* LocalImageStore.swift */ = {isa = PBXFileReference; lastKnownFileType = sourcecode.swift; path = LocalImageStore.swift; sourceTree = "<group>"; };
		2D58F5D543C8ECAC82EA5057 /* Pods_WeReadTests.framework */ = {isa = PBXFileReference; explicitFileType = wrapper.framework; includeInIndex = 0; path = Pods_WeReadTests.framework; sourceTree = BUILT_PRODUCTS_DIR; };
		39AB1549B541DF0A4B09D2F0 /* Pods-WeRead.debug.xcconfig */ = {isa = PBXFileReference; includeInIndex = 1; lastKnownFileType = text.xcconfig; name = "Pods-WeRead.debug.xcconfig"; path = "Pods/Target Support Files/Pods-WeRead/Pods-WeRead.debug.xcconfig"; sourceTree = "<group>"; };
		4BF55F773F6ABF77BAFDEEA7 /* Pods_WeReadUITests.framework */ = {isa = PBXFileReference; explicitFileType = wrapper.framework; includeInIndex = 0; path = Pods_WeReadUITests.framework; sourceTree = BUILT_PRODUCTS_DIR; };
		6452C6BA1D6ACDB51E13A92F /* Pods-WeReadTests.release.xcconfig */ = {isa = PBXFileReference; includeInIndex = 1; lastKnownFileType = text.xcconfig; name = "Pods-WeReadTests.release.xcconfig"; path = "Pods/Target Support Files/Pods-WeReadTests/Pods-WeReadTests.release.xcconfig"; sourceTree = "<group>"; };
		727FCCDF14C851A50BA676EA /* Pods-WeReadTests.debug.xcconfig */ = {isa = PBXFileReference; includeInIndex = 1; lastKnownFileType = text.xcconfig; name = "Pods-WeReadTests.debug.xcconfig"; path = "Pods/Target Support Files/Pods-WeReadTests/Pods-WeReadTests.debug.xcconfig"; sourceTree = "<group>"; };
		97CA6A29868C259FFF2BA408 /* Pods_WeRead.framework */ = {isa = PBXFileReference; explicitFileType = wrapper.framework; includeInIndex = 0; path = Pods_WeRead.framework; sourceTree = BUILT_PRODUCTS_DIR; };
		ED036262D1AD11A948C8B820 /* Pods-WeRead.release.xcconfig */ = {isa = PBXFileReference; includeInIndex = 1; lastKnownFileType = text.xcconfig; name = "Pods-WeRead.release.xcconfig"; path = "Pods/Target Support Files/Pods-WeRead/Pods-WeRead.release.xcconfig"; sourceTree = "<group>"; };
/* End PBXFileReference section */

/* Begin PBXFrameworksBuildPhase section */
		2BAFEB192141D2BD00F12452 /* Frameworks */ = {
			isa = PBXFrameworksBuildPhase;
			buildActionMask = 2147483647;
			files = (
				94081525384C961526699651 /* Pods_WeRead.framework in Frameworks */,
			);
			runOnlyForDeploymentPostprocessing = 0;
		};
		2BAFEB2F2141D2C000F12452 /* Frameworks */ = {
			isa = PBXFrameworksBuildPhase;
			buildActionMask = 2147483647;
			files = (
				B842871E390AF4B49E043232 /* Pods_WeReadTests.framework in Frameworks */,
			);
			runOnlyForDeploymentPostprocessing = 0;
		};
		2BAFEB3A2141D2C100F12452 /* Frameworks */ = {
			isa = PBXFrameworksBuildPhase;
			buildActionMask = 2147483647;
			files = (
				410CBE8CBADBF7E906531840 /* Pods_WeReadUITests.framework in Frameworks */,
			);
			runOnlyForDeploymentPostprocessing = 0;
		};
/* End PBXFrameworksBuildPhase section */

/* Begin PBXGroup section */
		2B2DE3FE214760B200310F7E /* Model */ = {
			isa = PBXGroup;
			children = (
				2BF56D16214A931100121012 /* FeedGroup.swift */,
				2B2DE3FF214760C800310F7E /* Feed.swift */,
				2B2DE401214760D100310F7E /* Entry.swift */,
			);
			path = Model;
			sourceTree = "<group>";
		};
		2B8098DA2142DA8200FCC743 /* Feeds */ = {
			isa = PBXGroup;
			children = (
				2B2DE3F521475CCE00310F7E /* FeedTableViewController.swift */,
			);
			path = Feeds;
			sourceTree = "<group>";
		};
		2BA9FB3B21485BCF0058DA27 /* WeDeployAPIClient */ = {
			isa = PBXGroup;
			children = (
				2BA9FB3D214871E80058DA27 /* WeDeployAPIClient.swift */,
			);
			path = WeDeployAPIClient;
			sourceTree = "<group>";
		};
		2BA9FB4B2148E1DB0058DA27 /* Extensions */ = {
			isa = PBXGroup;
			children = (
				2BA9FB502149FB8B0058DA27 /* UIViewController+Extensions.swift */,
				2BF56CF0214A102100121012 /* UIButton+Extensions.swift */,
				2BF56D18214AEFDE00121012 /* Array+Extensions.swift */,
			);
			path = Extensions;
			sourceTree = "<group>";
		};
		2BAFEB132141D2BD00F12452 = {
			isa = PBXGroup;
			children = (
				2BAFEB1E2141D2BD00F12452 /* WeRead */,
				2BAFEB352141D2C000F12452 /* WeReadTests */,
				2BAFEB402141D2C100F12452 /* WeReadUITests */,
				2BAFEB1D2141D2BD00F12452 /* Products */,
				DF6C559E09F93268F2EE7DAF /* Pods */,
				D2B51C4AE801399A230FC205 /* Frameworks */,
			);
			sourceTree = "<group>";
		};
		2BAFEB1D2141D2BD00F12452 /* Products */ = {
			isa = PBXGroup;
			children = (
				2BAFEB1C2141D2BD00F12452 /* WeRead.app */,
				2BAFEB322141D2C000F12452 /* WeReadTests.xctest */,
				2BAFEB3D2141D2C100F12452 /* WeReadUITests.xctest */,
			);
			name = Products;
			sourceTree = "<group>";
		};
		2BAFEB1E2141D2BD00F12452 /* WeRead */ = {
			isa = PBXGroup;
			children = (
				2BF56D1B214B076F00121012 /* Data */,
				2BA9FB54214A031C0058DA27 /* WeRead.entitlements */,
				2BA9FB4B2148E1DB0058DA27 /* Extensions */,
				2BA9FB3B21485BCF0058DA27 /* WeDeployAPIClient */,
				2BF56D1A214B075500121012 /* Main */,
				2BAFEB4F2142266E00F12452 /* Login */,
				2BAFEB1F2141D2BD00F12452 /* AppDelegate.swift */,
				2BAFEB282141D2C000F12452 /* Assets.xcassets */,
				2BAFEB2A2141D2C000F12452 /* LaunchScreen.storyboard */,
				2BAFEB2D2141D2C000F12452 /* Info.plist */,
				2BA9FB4C2149C14E0058DA27 /* LogoView.xib */,
				2BA9FB4E2149C4D70058DA27 /* LogoView.swift */,
				2BF56D15214A8BE500121012 /* Localizable.strings */,
				2BF56D1E214B25C000121012 /* NotificationSender.swift */,
			);
			path = WeRead;
			sourceTree = "<group>";
		};
		2BAFEB352141D2C000F12452 /* WeReadTests */ = {
			isa = PBXGroup;
			children = (
				2BAFEB362141D2C000F12452 /* WeReadTests.swift */,
				2BAFEB382141D2C100F12452 /* Info.plist */,
			);
			path = WeReadTests;
			sourceTree = "<group>";
		};
		2BAFEB402141D2C100F12452 /* WeReadUITests */ = {
			isa = PBXGroup;
			children = (
				2BAFEB412141D2C100F12452 /* WeReadUITests.swift */,
				2BAFEB432141D2C100F12452 /* Info.plist */,
			);
			path = WeReadUITests;
			sourceTree = "<group>";
		};
		2BAFEB4F2142266E00F12452 /* Login */ = {
			isa = PBXGroup;
			children = (
				2BF56D03214A878000121012 /* Login.storyboard */,
				2B2DE3FA21475D5500310F7E /* LoginViewController.swift */,
				2B2DE3FC21475D6900310F7E /* CreateAccountViewController.swift */,
				2BA9FB412148B4850058DA27 /* ForgotPasswordViewController.swift */,
				2BA9FB522149FF710058DA27 /* TextFieldDelegate.swift */,
			);
			path = Login;
			sourceTree = "<group>";
		};
		2BAFEB502142268B00F12452 /* News */ = {
			isa = PBXGroup;
			children = (
				2B0D2D3E21437F2E00C93C83 /* FeedLoader.swift */,
				2BAFEB212141D2BD00F12452 /* NewsFeedViewController.swift */,
				2BAFEB232141D2BD00F12452 /* WebViewViewController.swift */,
				2B8098D82142D8C300FCC743 /* NewsEntryCell.swift */,
				2B8098DF2142DB4800FCC743 /* NewsEntryCell.xib */,
			);
			path = News;
			sourceTree = "<group>";
		};
		2BF56CF2214A221B00121012 /* Storage */ = {
			isa = PBXGroup;
			children = (
				2B2DE40321476F7100310F7E /* UserStore.swift */,
				2BF56CF3214A222C00121012 /* StorageType.swift */,
				2BF56CF5214A23D600121012 /* LocalJSONStore.swift */,
				2BF56D24214B4F1500121012 /* LocalImageStore.swift */,
			);
			path = Storage;
			sourceTree = "<group>";
		};
		2BF56D1A214B075500121012 /* Main */ = {
			isa = PBXGroup;
			children = (
				2BAFEB252141D2BD00F12452 /* Main.storyboard */,
				2BAFEB502142268B00F12452 /* News */,
				2B8098DA2142DA8200FCC743 /* Feeds */,
			);
			path = Main;
			sourceTree = "<group>";
		};
		2BF56D1B214B076F00121012 /* Data */ = {
			isa = PBXGroup;
			children = (
				2BF56CF2214A221B00121012 /* Storage */,
				2B2DE3FE214760B200310F7E /* Model */,
			);
			path = Data;
			sourceTree = "<group>";
		};
		D2B51C4AE801399A230FC205 /* Frameworks */ = {
			isa = PBXGroup;
			children = (
				97CA6A29868C259FFF2BA408 /* Pods_WeRead.framework */,
				2D58F5D543C8ECAC82EA5057 /* Pods_WeReadTests.framework */,
				4BF55F773F6ABF77BAFDEEA7 /* Pods_WeReadUITests.framework */,
			);
			name = Frameworks;
			sourceTree = "<group>";
		};
		DF6C559E09F93268F2EE7DAF /* Pods */ = {
			isa = PBXGroup;
			children = (
				39AB1549B541DF0A4B09D2F0 /* Pods-WeRead.debug.xcconfig */,
				ED036262D1AD11A948C8B820 /* Pods-WeRead.release.xcconfig */,
				727FCCDF14C851A50BA676EA /* Pods-WeReadTests.debug.xcconfig */,
				6452C6BA1D6ACDB51E13A92F /* Pods-WeReadTests.release.xcconfig */,
				11034345105E6539DD38395B /* Pods-WeReadUITests.debug.xcconfig */,
				1E153B17B3C29D254872F7A0 /* Pods-WeReadUITests.release.xcconfig */,
			);
			name = Pods;
			sourceTree = "<group>";
		};
/* End PBXGroup section */

/* Begin PBXNativeTarget section */
		2BAFEB1B2141D2BD00F12452 /* WeRead */ = {
			isa = PBXNativeTarget;
			buildConfigurationList = 2BAFEB462141D2C100F12452 /* Build configuration list for PBXNativeTarget "WeRead" */;
			buildPhases = (
				9145C4095C3762FCD2CF86CF /* [CP] Check Pods Manifest.lock */,
				2BAFEB182141D2BD00F12452 /* Sources */,
				2BAFEB192141D2BD00F12452 /* Frameworks */,
				2BAFEB1A2141D2BD00F12452 /* Resources */,
				C912B58DDAE9354DF712BD27 /* [CP] Embed Pods Frameworks */,
			);
			buildRules = (
			);
			dependencies = (
			);
			name = WeRead;
			productName = WeRead;
			productReference = 2BAFEB1C2141D2BD00F12452 /* WeRead.app */;
			productType = "com.apple.product-type.application";
		};
		2BAFEB312141D2C000F12452 /* WeReadTests */ = {
			isa = PBXNativeTarget;
			buildConfigurationList = 2BAFEB492141D2C100F12452 /* Build configuration list for PBXNativeTarget "WeReadTests" */;
			buildPhases = (
				729F6C48275B50B5E23ED7BA /* [CP] Check Pods Manifest.lock */,
				2BAFEB2E2141D2C000F12452 /* Sources */,
				2BAFEB2F2141D2C000F12452 /* Frameworks */,
				2BAFEB302141D2C000F12452 /* Resources */,
			);
			buildRules = (
			);
			dependencies = (
				2BAFEB342141D2C000F12452 /* PBXTargetDependency */,
			);
			name = WeReadTests;
			productName = WeReadTests;
			productReference = 2BAFEB322141D2C000F12452 /* WeReadTests.xctest */;
			productType = "com.apple.product-type.bundle.unit-test";
		};
		2BAFEB3C2141D2C100F12452 /* WeReadUITests */ = {
			isa = PBXNativeTarget;
			buildConfigurationList = 2BAFEB4C2141D2C100F12452 /* Build configuration list for PBXNativeTarget "WeReadUITests" */;
			buildPhases = (
				CB3C2E5D95905B0CF010318E /* [CP] Check Pods Manifest.lock */,
				2BAFEB392141D2C100F12452 /* Sources */,
				2BAFEB3A2141D2C100F12452 /* Frameworks */,
				2BAFEB3B2141D2C100F12452 /* Resources */,
			);
			buildRules = (
			);
			dependencies = (
				2BAFEB3F2141D2C100F12452 /* PBXTargetDependency */,
			);
			name = WeReadUITests;
			productName = WeReadUITests;
			productReference = 2BAFEB3D2141D2C100F12452 /* WeReadUITests.xctest */;
			productType = "com.apple.product-type.bundle.ui-testing";
		};
/* End PBXNativeTarget section */

/* Begin PBXProject section */
		2BAFEB142141D2BD00F12452 /* Project object */ = {
			isa = PBXProject;
			attributes = {
				LastSwiftUpdateCheck = 1000;
				LastUpgradeCheck = 1000;
				ORGANIZATIONNAME = Ian;
				TargetAttributes = {
					2BAFEB1B2141D2BD00F12452 = {
						CreatedOnToolsVersion = 10.0;
						SystemCapabilities = {
							com.apple.BackgroundModes = {
								enabled = 1;
							};
							com.apple.SafariKeychain = {
								enabled = 0;
							};
						};
					};
					2BAFEB312141D2C000F12452 = {
						CreatedOnToolsVersion = 10.0;
						TestTargetID = 2BAFEB1B2141D2BD00F12452;
					};
					2BAFEB3C2141D2C100F12452 = {
						CreatedOnToolsVersion = 10.0;
						TestTargetID = 2BAFEB1B2141D2BD00F12452;
					};
				};
			};
			buildConfigurationList = 2BAFEB172141D2BD00F12452 /* Build configuration list for PBXProject "WeRead" */;
			compatibilityVersion = "Xcode 9.3";
			developmentRegion = en;
			hasScannedForEncodings = 0;
			knownRegions = (
				en,
				Base,
				"pt-BR",
			);
			mainGroup = 2BAFEB132141D2BD00F12452;
			productRefGroup = 2BAFEB1D2141D2BD00F12452 /* Products */;
			projectDirPath = "";
			projectRoot = "";
			targets = (
				2BAFEB1B2141D2BD00F12452 /* WeRead */,
				2BAFEB312141D2C000F12452 /* WeReadTests */,
				2BAFEB3C2141D2C100F12452 /* WeReadUITests */,
			);
		};
/* End PBXProject section */

/* Begin PBXResourcesBuildPhase section */
		2BAFEB1A2141D2BD00F12452 /* Resources */ = {
			isa = PBXResourcesBuildPhase;
			buildActionMask = 2147483647;
			files = (
				2BAFEB2C2141D2C000F12452 /* LaunchScreen.storyboard in Resources */,
				2B8098E02142DB4800FCC743 /* NewsEntryCell.xib in Resources */,
				2BAFEB292141D2C000F12452 /* Assets.xcassets in Resources */,
				2BF56D13214A8BE500121012 /* Localizable.strings in Resources */,
				2BF56D01214A878000121012 /* Login.storyboard in Resources */,
				2BAFEB272141D2BD00F12452 /* Main.storyboard in Resources */,
				2BA9FB4D2149C14E0058DA27 /* LogoView.xib in Resources */,
			);
			runOnlyForDeploymentPostprocessing = 0;
		};
		2BAFEB302141D2C000F12452 /* Resources */ = {
			isa = PBXResourcesBuildPhase;
			buildActionMask = 2147483647;
			files = (
			);
			runOnlyForDeploymentPostprocessing = 0;
		};
		2BAFEB3B2141D2C100F12452 /* Resources */ = {
			isa = PBXResourcesBuildPhase;
			buildActionMask = 2147483647;
			files = (
			);
			runOnlyForDeploymentPostprocessing = 0;
		};
/* End PBXResourcesBuildPhase section */

/* Begin PBXShellScriptBuildPhase section */
		729F6C48275B50B5E23ED7BA /* [CP] Check Pods Manifest.lock */ = {
			isa = PBXShellScriptBuildPhase;
			buildActionMask = 2147483647;
			files = (
			);
			inputFileListPaths = (
			);
			inputPaths = (
				"${PODS_PODFILE_DIR_PATH}/Podfile.lock",
				"${PODS_ROOT}/Manifest.lock",
			);
			name = "[CP] Check Pods Manifest.lock";
			outputFileListPaths = (
			);
			outputPaths = (
				"$(DERIVED_FILE_DIR)/Pods-WeReadTests-checkManifestLockResult.txt",
			);
			runOnlyForDeploymentPostprocessing = 0;
			shellPath = /bin/sh;
			shellScript = "diff \"${PODS_PODFILE_DIR_PATH}/Podfile.lock\" \"${PODS_ROOT}/Manifest.lock\" > /dev/null\nif [ $? != 0 ] ; then\n    # print error to STDERR\n    echo \"error: The sandbox is not in sync with the Podfile.lock. Run 'pod install' or update your CocoaPods installation.\" >&2\n    exit 1\nfi\n# This output is used by Xcode 'outputs' to avoid re-running this script phase.\necho \"SUCCESS\" > \"${SCRIPT_OUTPUT_FILE_0}\"\n";
			showEnvVarsInLog = 0;
		};
		9145C4095C3762FCD2CF86CF /* [CP] Check Pods Manifest.lock */ = {
			isa = PBXShellScriptBuildPhase;
			buildActionMask = 2147483647;
			files = (
			);
			inputFileListPaths = (
			);
			inputPaths = (
				"${PODS_PODFILE_DIR_PATH}/Podfile.lock",
				"${PODS_ROOT}/Manifest.lock",
			);
			name = "[CP] Check Pods Manifest.lock";
			outputFileListPaths = (
			);
			outputPaths = (
				"$(DERIVED_FILE_DIR)/Pods-WeRead-checkManifestLockResult.txt",
			);
			runOnlyForDeploymentPostprocessing = 0;
			shellPath = /bin/sh;
			shellScript = "diff \"${PODS_PODFILE_DIR_PATH}/Podfile.lock\" \"${PODS_ROOT}/Manifest.lock\" > /dev/null\nif [ $? != 0 ] ; then\n    # print error to STDERR\n    echo \"error: The sandbox is not in sync with the Podfile.lock. Run 'pod install' or update your CocoaPods installation.\" >&2\n    exit 1\nfi\n# This output is used by Xcode 'outputs' to avoid re-running this script phase.\necho \"SUCCESS\" > \"${SCRIPT_OUTPUT_FILE_0}\"\n";
			showEnvVarsInLog = 0;
		};
		C912B58DDAE9354DF712BD27 /* [CP] Embed Pods Frameworks */ = {
			isa = PBXShellScriptBuildPhase;
			buildActionMask = 2147483647;
			files = (
			);
			inputFileListPaths = (
			);
			inputPaths = (
				"${SRCROOT}/Pods/Target Support Files/Pods-WeRead/Pods-WeRead-frameworks.sh",
				"${BUILT_PRODUCTS_DIR}/FeedKit/FeedKit.framework",
				"${BUILT_PRODUCTS_DIR}/PromiseKit/PromiseKit.framework",
				"${BUILT_PRODUCTS_DIR}/RxSwift/RxSwift.framework",
				"${BUILT_PRODUCTS_DIR}/Socket.IO-Client-Swift/SocketIO.framework",
				"${BUILT_PRODUCTS_DIR}/Starscream/Starscream.framework",
				"${BUILT_PRODUCTS_DIR}/WeDeploy/WeDeploy.framework",
			);
			name = "[CP] Embed Pods Frameworks";
			outputFileListPaths = (
			);
			outputPaths = (
				"${TARGET_BUILD_DIR}/${FRAMEWORKS_FOLDER_PATH}/FeedKit.framework",
				"${TARGET_BUILD_DIR}/${FRAMEWORKS_FOLDER_PATH}/PromiseKit.framework",
				"${TARGET_BUILD_DIR}/${FRAMEWORKS_FOLDER_PATH}/RxSwift.framework",
				"${TARGET_BUILD_DIR}/${FRAMEWORKS_FOLDER_PATH}/SocketIO.framework",
				"${TARGET_BUILD_DIR}/${FRAMEWORKS_FOLDER_PATH}/Starscream.framework",
				"${TARGET_BUILD_DIR}/${FRAMEWORKS_FOLDER_PATH}/WeDeploy.framework",
			);
			runOnlyForDeploymentPostprocessing = 0;
			shellPath = /bin/sh;
			shellScript = "\"${SRCROOT}/Pods/Target Support Files/Pods-WeRead/Pods-WeRead-frameworks.sh\"\n";
			showEnvVarsInLog = 0;
		};
		CB3C2E5D95905B0CF010318E /* [CP] Check Pods Manifest.lock */ = {
			isa = PBXShellScriptBuildPhase;
			buildActionMask = 2147483647;
			files = (
			);
			inputFileListPaths = (
			);
			inputPaths = (
				"${PODS_PODFILE_DIR_PATH}/Podfile.lock",
				"${PODS_ROOT}/Manifest.lock",
			);
			name = "[CP] Check Pods Manifest.lock";
			outputFileListPaths = (
			);
			outputPaths = (
				"$(DERIVED_FILE_DIR)/Pods-WeReadUITests-checkManifestLockResult.txt",
			);
			runOnlyForDeploymentPostprocessing = 0;
			shellPath = /bin/sh;
			shellScript = "diff \"${PODS_PODFILE_DIR_PATH}/Podfile.lock\" \"${PODS_ROOT}/Manifest.lock\" > /dev/null\nif [ $? != 0 ] ; then\n    # print error to STDERR\n    echo \"error: The sandbox is not in sync with the Podfile.lock. Run 'pod install' or update your CocoaPods installation.\" >&2\n    exit 1\nfi\n# This output is used by Xcode 'outputs' to avoid re-running this script phase.\necho \"SUCCESS\" > \"${SCRIPT_OUTPUT_FILE_0}\"\n";
			showEnvVarsInLog = 0;
		};
/* End PBXShellScriptBuildPhase section */

/* Begin PBXSourcesBuildPhase section */
		2BAFEB182141D2BD00F12452 /* Sources */ = {
			isa = PBXSourcesBuildPhase;
			buildActionMask = 2147483647;
			files = (
				2B2DE402214760D100310F7E /* Entry.swift in Sources */,
				2B2DE3FD21475D6900310F7E /* CreateAccountViewController.swift in Sources */,
				2B2DE3FB21475D5500310F7E /* LoginViewController.swift in Sources */,
				2BF56D19214AEFDE00121012 /* Array+Extensions.swift in Sources */,
				2BAFEB242141D2BD00F12452 /* WebViewViewController.swift in Sources */,
				2BA9FB532149FF710058DA27 /* TextFieldDelegate.swift in Sources */,
				2B8098D92142D8C300FCC743 /* NewsEntryCell.swift in Sources */,
				2B2DE400214760C800310F7E /* Feed.swift in Sources */,
				2BAFEB222141D2BD00F12452 /* NewsFeedViewController.swift in Sources */,
				2BA9FB3E214871E80058DA27 /* WeDeployAPIClient.swift in Sources */,
				2BF56D17214A931100121012 /* FeedGroup.swift in Sources */,
				2BF56D25214B4F1500121012 /* LocalImageStore.swift in Sources */,
				2BA9FB422148B4850058DA27 /* ForgotPasswordViewController.swift in Sources */,
				2B2DE3F621475CCE00310F7E /* FeedTableViewController.swift in Sources */,
				2BA9FB4F2149C4D70058DA27 /* LogoView.swift in Sources */,
				2B0D2D3F21437F2E00C93C83 /* FeedLoader.swift in Sources */,
				2BF56CF6214A23D600121012 /* LocalJSONStore.swift in Sources */,
				2BF56CF1214A102100121012 /* UIButton+Extensions.swift in Sources */,
				2BF56D1F214B25C000121012 /* NotificationSender.swift in Sources */,
				2BA9FB512149FB8B0058DA27 /* UIViewController+Extensions.swift in Sources */,
				2BF56CF4214A222C00121012 /* StorageType.swift in Sources */,
				2BAFEB202141D2BD00F12452 /* AppDelegate.swift in Sources */,
				2B2DE40421476F7100310F7E /* UserStore.swift in Sources */,
			);
			runOnlyForDeploymentPostprocessing = 0;
		};
		2BAFEB2E2141D2C000F12452 /* Sources */ = {
			isa = PBXSourcesBuildPhase;
			buildActionMask = 2147483647;
			files = (
				2BAFEB372141D2C000F12452 /* WeReadTests.swift in Sources */,
			);
			runOnlyForDeploymentPostprocessing = 0;
		};
		2BAFEB392141D2C100F12452 /* Sources */ = {
			isa = PBXSourcesBuildPhase;
			buildActionMask = 2147483647;
			files = (
				2BAFEB422141D2C100F12452 /* WeReadUITests.swift in Sources */,
			);
			runOnlyForDeploymentPostprocessing = 0;
		};
/* End PBXSourcesBuildPhase section */

/* Begin PBXTargetDependency section */
		2BAFEB342141D2C000F12452 /* PBXTargetDependency */ = {
			isa = PBXTargetDependency;
			target = 2BAFEB1B2141D2BD00F12452 /* WeRead */;
			targetProxy = 2BAFEB332141D2C000F12452 /* PBXContainerItemProxy */;
		};
		2BAFEB3F2141D2C100F12452 /* PBXTargetDependency */ = {
			isa = PBXTargetDependency;
			target = 2BAFEB1B2141D2BD00F12452 /* WeRead */;
			targetProxy = 2BAFEB3E2141D2C100F12452 /* PBXContainerItemProxy */;
		};
/* End PBXTargetDependency section */

/* Begin PBXVariantGroup section */
		2BAFEB252141D2BD00F12452 /* Main.storyboard */ = {
			isa = PBXVariantGroup;
			children = (
				2BAFEB262141D2BD00F12452 /* Base */,
				2BF56D0E214A8B2F00121012 /* pt-BR */,
			);
			name = Main.storyboard;
			sourceTree = "<group>";
		};
		2BAFEB2A2141D2C000F12452 /* LaunchScreen.storyboard */ = {
			isa = PBXVariantGroup;
			children = (
				2BAFEB2B2141D2C000F12452 /* Base */,
				2BF56D00214A874800121012 /* pt-BR */,
			);
			name = LaunchScreen.storyboard;
			sourceTree = "<group>";
		};
		2BF56D03214A878000121012 /* Login.storyboard */ = {
			isa = PBXVariantGroup;
			children = (
				2BF56D06214A879C00121012 /* Base */,
				2BF56D08214A87AC00121012 /* en */,
				2BF56D0A214A87B700121012 /* pt-BR */,
			);
			name = Login.storyboard;
			sourceTree = "<group>";
		};
		2BF56D15214A8BE500121012 /* Localizable.strings */ = {
			isa = PBXVariantGroup;
			children = (
				2BF56D14214A8BE500121012 /* pt-BR */,
			);
			name = Localizable.strings;
			sourceTree = "<group>";
		};
/* End PBXVariantGroup section */

/* Begin XCBuildConfiguration section */
		2BAFEB442141D2C100F12452 /* Debug */ = {
			isa = XCBuildConfiguration;
			buildSettings = {
				ALWAYS_SEARCH_USER_PATHS = NO;
				CLANG_ANALYZER_LOCALIZABILITY_NONLOCALIZED = YES;
				CLANG_ANALYZER_NONNULL = YES;
				CLANG_ANALYZER_NUMBER_OBJECT_CONVERSION = YES_AGGRESSIVE;
				CLANG_CXX_LANGUAGE_STANDARD = "gnu++14";
				CLANG_CXX_LIBRARY = "libc++";
				CLANG_ENABLE_MODULES = YES;
				CLANG_ENABLE_OBJC_ARC = YES;
				CLANG_ENABLE_OBJC_WEAK = YES;
				CLANG_WARN_BLOCK_CAPTURE_AUTORELEASING = YES;
				CLANG_WARN_BOOL_CONVERSION = YES;
				CLANG_WARN_COMMA = YES;
				CLANG_WARN_CONSTANT_CONVERSION = YES;
				CLANG_WARN_DEPRECATED_OBJC_IMPLEMENTATIONS = YES;
				CLANG_WARN_DIRECT_OBJC_ISA_USAGE = YES_ERROR;
				CLANG_WARN_DOCUMENTATION_COMMENTS = YES;
				CLANG_WARN_EMPTY_BODY = YES;
				CLANG_WARN_ENUM_CONVERSION = YES;
				CLANG_WARN_INFINITE_RECURSION = YES;
				CLANG_WARN_INT_CONVERSION = YES;
				CLANG_WARN_NON_LITERAL_NULL_CONVERSION = YES;
				CLANG_WARN_OBJC_IMPLICIT_RETAIN_SELF = YES;
				CLANG_WARN_OBJC_LITERAL_CONVERSION = YES;
				CLANG_WARN_OBJC_ROOT_CLASS = YES_ERROR;
				CLANG_WARN_RANGE_LOOP_ANALYSIS = YES;
				CLANG_WARN_STRICT_PROTOTYPES = YES;
				CLANG_WARN_SUSPICIOUS_MOVE = YES;
				CLANG_WARN_UNGUARDED_AVAILABILITY = YES_AGGRESSIVE;
				CLANG_WARN_UNREACHABLE_CODE = YES;
				CLANG_WARN__DUPLICATE_METHOD_MATCH = YES;
				CODE_SIGN_IDENTITY = "iPhone Developer";
				COPY_PHASE_STRIP = NO;
				DEBUG_INFORMATION_FORMAT = dwarf;
				ENABLE_STRICT_OBJC_MSGSEND = YES;
				ENABLE_TESTABILITY = YES;
				GCC_C_LANGUAGE_STANDARD = gnu11;
				GCC_DYNAMIC_NO_PIC = NO;
				GCC_NO_COMMON_BLOCKS = YES;
				GCC_OPTIMIZATION_LEVEL = 0;
				GCC_PREPROCESSOR_DEFINITIONS = (
					"DEBUG=1",
					"$(inherited)",
				);
				GCC_WARN_64_TO_32_BIT_CONVERSION = YES;
				GCC_WARN_ABOUT_RETURN_TYPE = YES_ERROR;
				GCC_WARN_UNDECLARED_SELECTOR = YES;
				GCC_WARN_UNINITIALIZED_AUTOS = YES_AGGRESSIVE;
				GCC_WARN_UNUSED_FUNCTION = YES;
				GCC_WARN_UNUSED_VARIABLE = YES;
				IPHONEOS_DEPLOYMENT_TARGET = 11.4;
				MTL_ENABLE_DEBUG_INFO = INCLUDE_SOURCE;
				MTL_FAST_MATH = YES;
				ONLY_ACTIVE_ARCH = YES;
				SDKROOT = iphoneos;
				SWIFT_ACTIVE_COMPILATION_CONDITIONS = DEBUG;
				SWIFT_OPTIMIZATION_LEVEL = "-Onone";
				SWIFT_VERSION = 4.2;
			};
			name = Debug;
		};
		2BAFEB452141D2C100F12452 /* Release */ = {
			isa = XCBuildConfiguration;
			buildSettings = {
				ALWAYS_SEARCH_USER_PATHS = NO;
				CLANG_ANALYZER_LOCALIZABILITY_NONLOCALIZED = YES;
				CLANG_ANALYZER_NONNULL = YES;
				CLANG_ANALYZER_NUMBER_OBJECT_CONVERSION = YES_AGGRESSIVE;
				CLANG_CXX_LANGUAGE_STANDARD = "gnu++14";
				CLANG_CXX_LIBRARY = "libc++";
				CLANG_ENABLE_MODULES = YES;
				CLANG_ENABLE_OBJC_ARC = YES;
				CLANG_ENABLE_OBJC_WEAK = YES;
				CLANG_WARN_BLOCK_CAPTURE_AUTORELEASING = YES;
				CLANG_WARN_BOOL_CONVERSION = YES;
				CLANG_WARN_COMMA = YES;
				CLANG_WARN_CONSTANT_CONVERSION = YES;
				CLANG_WARN_DEPRECATED_OBJC_IMPLEMENTATIONS = YES;
				CLANG_WARN_DIRECT_OBJC_ISA_USAGE = YES_ERROR;
				CLANG_WARN_DOCUMENTATION_COMMENTS = YES;
				CLANG_WARN_EMPTY_BODY = YES;
				CLANG_WARN_ENUM_CONVERSION = YES;
				CLANG_WARN_INFINITE_RECURSION = YES;
				CLANG_WARN_INT_CONVERSION = YES;
				CLANG_WARN_NON_LITERAL_NULL_CONVERSION = YES;
				CLANG_WARN_OBJC_IMPLICIT_RETAIN_SELF = YES;
				CLANG_WARN_OBJC_LITERAL_CONVERSION = YES;
				CLANG_WARN_OBJC_ROOT_CLASS = YES_ERROR;
				CLANG_WARN_RANGE_LOOP_ANALYSIS = YES;
				CLANG_WARN_STRICT_PROTOTYPES = YES;
				CLANG_WARN_SUSPICIOUS_MOVE = YES;
				CLANG_WARN_UNGUARDED_AVAILABILITY = YES_AGGRESSIVE;
				CLANG_WARN_UNREACHABLE_CODE = YES;
				CLANG_WARN__DUPLICATE_METHOD_MATCH = YES;
				CODE_SIGN_IDENTITY = "iPhone Developer";
				COPY_PHASE_STRIP = NO;
				DEBUG_INFORMATION_FORMAT = "dwarf-with-dsym";
				ENABLE_NS_ASSERTIONS = NO;
				ENABLE_STRICT_OBJC_MSGSEND = YES;
				GCC_C_LANGUAGE_STANDARD = gnu11;
				GCC_NO_COMMON_BLOCKS = YES;
				GCC_WARN_64_TO_32_BIT_CONVERSION = YES;
				GCC_WARN_ABOUT_RETURN_TYPE = YES_ERROR;
				GCC_WARN_UNDECLARED_SELECTOR = YES;
				GCC_WARN_UNINITIALIZED_AUTOS = YES_AGGRESSIVE;
				GCC_WARN_UNUSED_FUNCTION = YES;
				GCC_WARN_UNUSED_VARIABLE = YES;
				IPHONEOS_DEPLOYMENT_TARGET = 11.4;
				MTL_ENABLE_DEBUG_INFO = NO;
				MTL_FAST_MATH = YES;
				SDKROOT = iphoneos;
				SWIFT_COMPILATION_MODE = wholemodule;
				SWIFT_OPTIMIZATION_LEVEL = "-O";
				SWIFT_VERSION = 4.2;
				VALIDATE_PRODUCT = YES;
			};
			name = Release;
		};
		2BAFEB472141D2C100F12452 /* Debug */ = {
			isa = XCBuildConfiguration;
			baseConfigurationReference = 39AB1549B541DF0A4B09D2F0 /* Pods-WeRead.debug.xcconfig */;
			buildSettings = {
				ASSETCATALOG_COMPILER_APPICON_NAME = AppIcon;
				CODE_SIGN_STYLE = Automatic;
				DEVELOPMENT_TEAM = 4WDGXAFZJ6;
				FRAMEWORK_SEARCH_PATHS = (
					"$(inherited)",
					"$(PROJECT_DIR)",
				);
				INFOPLIST_FILE = WeRead/Info.plist;
				IPHONEOS_DEPLOYMENT_TARGET = 11.4;
				LD_RUNPATH_SEARCH_PATHS = (
					"$(inherited)",
					"@executable_path/Frameworks",
				);
				PRODUCT_BUNDLE_IDENTIFIER = com.Ian.WeRead;
				PRODUCT_NAME = "$(TARGET_NAME)";
				SWIFT_VERSION = 4.2;
				TARGETED_DEVICE_FAMILY = "1,2";
			};
			name = Debug;
		};
		2BAFEB482141D2C100F12452 /* Release */ = {
			isa = XCBuildConfiguration;
			baseConfigurationReference = ED036262D1AD11A948C8B820 /* Pods-WeRead.release.xcconfig */;
			buildSettings = {
				ASSETCATALOG_COMPILER_APPICON_NAME = AppIcon;
				CODE_SIGN_STYLE = Automatic;
				DEVELOPMENT_TEAM = 4WDGXAFZJ6;
				FRAMEWORK_SEARCH_PATHS = (
					"$(inherited)",
					"$(PROJECT_DIR)",
				);
				INFOPLIST_FILE = WeRead/Info.plist;
				IPHONEOS_DEPLOYMENT_TARGET = 11.4;
				LD_RUNPATH_SEARCH_PATHS = (
					"$(inherited)",
					"@executable_path/Frameworks",
				);
				PRODUCT_BUNDLE_IDENTIFIER = com.Ian.WeRead;
				PRODUCT_NAME = "$(TARGET_NAME)";
				SWIFT_VERSION = 4.2;
				TARGETED_DEVICE_FAMILY = "1,2";
			};
			name = Release;
		};
		2BAFEB4A2141D2C100F12452 /* Debug */ = {
			isa = XCBuildConfiguration;
			baseConfigurationReference = 727FCCDF14C851A50BA676EA /* Pods-WeReadTests.debug.xcconfig */;
			buildSettings = {
				ALWAYS_EMBED_SWIFT_STANDARD_LIBRARIES = YES;
				BUNDLE_LOADER = "$(TEST_HOST)";
				CODE_SIGN_STYLE = Automatic;
				DEVELOPMENT_TEAM = 4WDGXAFZJ6;
				INFOPLIST_FILE = WeReadTests/Info.plist;
				LD_RUNPATH_SEARCH_PATHS = (
					"$(inherited)",
					"@executable_path/Frameworks",
					"@loader_path/Frameworks",
				);
				PRODUCT_BUNDLE_IDENTIFIER = com.Ian.WeReadTests;
				PRODUCT_NAME = "$(TARGET_NAME)";
				SWIFT_VERSION = 4.2;
				TARGETED_DEVICE_FAMILY = "1,2";
				TEST_HOST = "$(BUILT_PRODUCTS_DIR)/WeRead.app/WeRead";
			};
			name = Debug;
		};
		2BAFEB4B2141D2C100F12452 /* Release */ = {
			isa = XCBuildConfiguration;
			baseConfigurationReference = 6452C6BA1D6ACDB51E13A92F /* Pods-WeReadTests.release.xcconfig */;
			buildSettings = {
				ALWAYS_EMBED_SWIFT_STANDARD_LIBRARIES = YES;
				BUNDLE_LOADER = "$(TEST_HOST)";
				CODE_SIGN_STYLE = Automatic;
				DEVELOPMENT_TEAM = 4WDGXAFZJ6;
				INFOPLIST_FILE = WeReadTests/Info.plist;
				LD_RUNPATH_SEARCH_PATHS = (
					"$(inherited)",
					"@executable_path/Frameworks",
					"@loader_path/Frameworks",
				);
				PRODUCT_BUNDLE_IDENTIFIER = com.Ian.WeReadTests;
				PRODUCT_NAME = "$(TARGET_NAME)";
				SWIFT_VERSION = 4.2;
				TARGETED_DEVICE_FAMILY = "1,2";
				TEST_HOST = "$(BUILT_PRODUCTS_DIR)/WeRead.app/WeRead";
			};
			name = Release;
		};
		2BAFEB4D2141D2C100F12452 /* Debug */ = {
			isa = XCBuildConfiguration;
			baseConfigurationReference = 11034345105E6539DD38395B /* Pods-WeReadUITests.debug.xcconfig */;
			buildSettings = {
				ALWAYS_EMBED_SWIFT_STANDARD_LIBRARIES = YES;
				CODE_SIGN_STYLE = Automatic;
				DEVELOPMENT_TEAM = 4WDGXAFZJ6;
				INFOPLIST_FILE = WeReadUITests/Info.plist;
				LD_RUNPATH_SEARCH_PATHS = (
					"$(inherited)",
					"@executable_path/Frameworks",
					"@loader_path/Frameworks",
				);
				PRODUCT_BUNDLE_IDENTIFIER = com.Ian.WeReadUITests;
				PRODUCT_NAME = "$(TARGET_NAME)";
				SWIFT_VERSION = 4.2;
				TARGETED_DEVICE_FAMILY = "1,2";
				TEST_TARGET_NAME = WeRead;
			};
			name = Debug;
		};
		2BAFEB4E2141D2C100F12452 /* Release */ = {
			isa = XCBuildConfiguration;
			baseConfigurationReference = 1E153B17B3C29D254872F7A0 /* Pods-WeReadUITests.release.xcconfig */;
			buildSettings = {
				ALWAYS_EMBED_SWIFT_STANDARD_LIBRARIES = YES;
				CODE_SIGN_STYLE = Automatic;
				DEVELOPMENT_TEAM = 4WDGXAFZJ6;
				INFOPLIST_FILE = WeReadUITests/Info.plist;
				LD_RUNPATH_SEARCH_PATHS = (
					"$(inherited)",
					"@executable_path/Frameworks",
					"@loader_path/Frameworks",
				);
				PRODUCT_BUNDLE_IDENTIFIER = com.Ian.WeReadUITests;
				PRODUCT_NAME = "$(TARGET_NAME)";
				SWIFT_VERSION = 4.2;
				TARGETED_DEVICE_FAMILY = "1,2";
				TEST_TARGET_NAME = WeRead;
			};
			name = Release;
		};
/* End XCBuildConfiguration section */

/* Begin XCConfigurationList section */
		2BAFEB172141D2BD00F12452 /* Build configuration list for PBXProject "WeRead" */ = {
			isa = XCConfigurationList;
			buildConfigurations = (
				2BAFEB442141D2C100F12452 /* Debug */,
				2BAFEB452141D2C100F12452 /* Release */,
			);
			defaultConfigurationIsVisible = 0;
			defaultConfigurationName = Release;
		};
		2BAFEB462141D2C100F12452 /* Build configuration list for PBXNativeTarget "WeRead" */ = {
			isa = XCConfigurationList;
			buildConfigurations = (
				2BAFEB472141D2C100F12452 /* Debug */,
				2BAFEB482141D2C100F12452 /* Release */,
			);
			defaultConfigurationIsVisible = 0;
			defaultConfigurationName = Release;
		};
		2BAFEB492141D2C100F12452 /* Build configuration list for PBXNativeTarget "WeReadTests" */ = {
			isa = XCConfigurationList;
			buildConfigurations = (
				2BAFEB4A2141D2C100F12452 /* Debug */,
				2BAFEB4B2141D2C100F12452 /* Release */,
			);
			defaultConfigurationIsVisible = 0;
			defaultConfigurationName = Release;
		};
		2BAFEB4C2141D2C100F12452 /* Build configuration list for PBXNativeTarget "WeReadUITests" */ = {
			isa = XCConfigurationList;
			buildConfigurations = (
				2BAFEB4D2141D2C100F12452 /* Debug */,
				2BAFEB4E2141D2C100F12452 /* Release */,
			);
			defaultConfigurationIsVisible = 0;
			defaultConfigurationName = Release;
		};
/* End XCConfigurationList section */
	};
	rootObject = 2BAFEB142141D2BD00F12452 /* Project object */;
}
